
Microsoft Visual Studio Solution File, Format Version 12.00
# Visual Studio 15
VisualStudioVersion = 15.0.28307.645
MinimumVisualStudioVersion = 10.0.40219.1
Project("{888888A0-9F3D-457C-B088-3A5042F75D52}") = "doorbell", "doorbell.pyproj", "{E2083B4F-C7A8-4687-BFA5-278761E84635}"
EndProject
Global
	GlobalSection(SolutionConfigurationPlatforms) = preSolution
		Debug|Any CPU = Debug|Any CPU
		Release|Any CPU = Release|Any CPU
	EndGlobalSection
	GlobalSection(ProjectConfigurationPlatforms) = postSolution
		{E2083B4F-C7A8-4687-BFA5-278761E84635}.Debug|Any CPU.ActiveCfg = Debug|Any CPU
		{E2083B4F-C7A8-4687-BFA5-278761E84635}.Release|Any CPU.ActiveCfg = Release|Any CPU
	EndGlobalSection
	GlobalSection(SolutionProperties) = preSolution
		HideSolutionNode = FALSE
	EndGlobalSection
	GlobalSection(ExtensibilityGlobals) = postSolution
		SolutionGuid = {A5BD0799-D67A-42DF-B01B-55E2283CD727}
	EndGlobalSection
EndGlobal
